
Microsoft Visual Studio Solution File, Format Version 12.00
# Visual Studio Version 17
VisualStudioVersion = 17.4.33205.214
MinimumVisualStudioVersion = 10.0.40219.1
Project("{FAE04EC0-301F-11D3-BF4B-00C04F79EFBC}") = "CursoDotNet", "CursoDotNet\CursoDotNet.csproj", "{AC7C3BC2-5DC1-4191-8688-4391AAA51BBF}"
EndProject
Global
	GlobalSection(SolutionConfigurationPlatforms) = preSolution
		Debug|Any CPU = Debug|Any CPU
		Release|Any CPU = Release|Any CPU
	EndGlobalSection
	GlobalSection(ProjectConfigurationPlatforms) = postSolution
		{AC7C3BC2-5DC1-4191-8688-4391AAA51BBF}.Debug|Any CPU.ActiveCfg = Debug|Any CPU
		{AC7C3BC2-5DC1-4191-8688-4391AAA51BBF}.Debug|Any CPU.Build.0 = Debug|Any CPU
		{AC7C3BC2-5DC1-4191-8688-4391AAA51BBF}.Release|Any CPU.ActiveCfg = Release|Any CPU
		{AC7C3BC2-5DC1-4191-8688-4391AAA51BBF}.Release|Any CPU.Build.0 = Release|Any CPU
	EndGlobalSection
	GlobalSection(SolutionProperties) = preSolution
		HideSolutionNode = FALSE
	EndGlobalSection
	GlobalSection(ExtensibilityGlobals) = postSolution
		SolutionGuid = {8A53AB65-FEB1-4010-97AF-0E9FEE103369}
	EndGlobalSection
EndGlobal
